[[package]]
name = "attrs"
version = "22.1.0"
description = "Classes Without Boilerplate"
category = "main"
optional = false
python-versions = ">=3.5"

[package.extras]
dev = ["coverage[toml] (>=5.0.2)", "hypothesis", "pympler", "pytest (>=4.3.0)", "mypy (>=0.900,!=0.940)", "pytest-mypy-plugins", "zope.interface", "furo", "sphinx", "sphinx-notfound-page", "pre-commit", "cloudpickle"]
docs = ["furo", "sphinx", "zope.interface", "sphinx-notfound-page"]
tests = ["coverage[toml] (>=5.0.2)", "hypothesis", "pympler", "pytest (>=4.3.0)", "mypy (>=0.900,!=0.940)", "pytest-mypy-plugins", "zope.interface", "cloudpickle"]
tests_no_zope = ["coverage[toml] (>=5.0.2)", "hypothesis", "pympler", "pytest (>=4.3.0)", "mypy (>=0.900,!=0.940)", "pytest-mypy-plugins", "cloudpickle"]

[[package]]
name = "certifi"
version = "2022.6.15"
description = "Python package for providing Mozilla's CA Bundle."
category = "main"
optional = false
python-versions = ">=3.6"

[[package]]
name = "charset-normalizer"
version = "2.1.1"
description = "The Real First Universal Charset Detector. Open, modern and actively maintained alternative to Chardet."
category = "main"
optional = false
python-versions = ">=3.6.0"

[package.extras]
unicode_backport = ["unicodedata2"]

[[package]]
name = "click"
version = "8.1.3"
description = "Composable command line interface toolkit"
category = "main"
optional = false
python-versions = ">=3.7"

[package.dependencies]
colorama = {version = "*", markers = "platform_system == \"Windows\""}

[[package]]
name = "click-plugins"
version = "1.1.1"
description = "An extension module for click to enable registering CLI commands via setuptools entry-points."
category = "main"
optional = false
python-versions = "*"

[package.dependencies]
click = ">=4.0"

[package.extras]
dev = ["pytest (>=3.6)", "pytest-cov", "wheel", "coveralls"]

[[package]]
name = "cligj"
version = "0.7.2"
description = "Click params for commmand line interfaces to GeoJSON"
category = "main"
optional = false
python-versions = ">=2.7, !=3.0.*, !=3.1.*, !=3.2.*, <4"

[package.dependencies]
click = ">=4.0"

[package.extras]
test = ["pytest-cov"]

[[package]]
name = "colorama"
version = "0.4.5"
description = "Cross-platform colored terminal text."
category = "main"
optional = false
python-versions = ">=2.7, !=3.0.*, !=3.1.*, !=3.2.*, !=3.3.*, !=3.4.*"

[[package]]
name = "cycler"
version = "0.11.0"
description = "Composable style cycles"
category = "main"
optional = false
python-versions = ">=3.6"

[[package]]
name = "fiona"
version = "1.8.21"
description = "Fiona reads and writes spatial data files"
category = "main"
optional = false
python-versions = "*"

[package.dependencies]
attrs = ">=17"
certifi = "*"
click = ">=4.0"
click-plugins = ">=1.0"
cligj = ">=0.5"
munch = "*"
six = ">=1.7"

[package.extras]
all = ["boto3 (>=1.2.4)", "pytest-cov", "shapely", "pytest (>=3)", "mock"]
calc = ["shapely"]
s3 = ["boto3 (>=1.2.4)"]
test = ["pytest (>=3)", "pytest-cov", "boto3 (>=1.2.4)", "mock"]

[[package]]
name = "fonttools"
version = "4.37.1"
description = "Tools to manipulate font files"
category = "main"
optional = false
python-versions = ">=3.7"

[package.extras]
all = ["fs (>=2.2.0,<3)", "lxml (>=4.0,<5)", "zopfli (>=0.1.4)", "lz4 (>=1.7.4.2)", "matplotlib", "sympy", "skia-pathops (>=0.5.0)", "uharfbuzz (>=0.23.0)", "brotlicffi (>=0.8.0)", "scipy", "brotli (>=1.0.1)", "munkres", "unicodedata2 (>=14.0.0)", "xattr"]
graphite = ["lz4 (>=1.7.4.2)"]
interpolatable = ["scipy", "munkres"]
lxml = ["lxml (>=4.0,<5)"]
pathops = ["skia-pathops (>=0.5.0)"]
plot = ["matplotlib"]
repacker = ["uharfbuzz (>=0.23.0)"]
symfont = ["sympy"]
type1 = ["xattr"]
ufo = ["fs (>=2.2.0,<3)"]
unicode = ["unicodedata2 (>=14.0.0)"]
woff = ["zopfli (>=0.1.4)", "brotlicffi (>=0.8.0)", "brotli (>=1.0.1)"]

[[package]]
name = "geopandas"
version = "0.11.1"
description = "Geographic pandas extensions"
category = "main"
optional = false
python-versions = ">=3.8"

[package.dependencies]
fiona = ">=1.8"
packaging = "*"
pandas = ">=1.0.0"
pyproj = ">=2.6.1.post1"
shapely = ">=1.7,<2"

[[package]]
name = "graphly"
version = "0.1"
description = ""
category = "main"
optional = false
python-versions = "*"
develop = false

[package.dependencies]
geopandas = ">=0.9.0"
matplotlib = ">=3.4.1"
networkx = ">=2.5.1"
pandas = ">=1.2.4"
requests = ">=2.25.1"

[package.extras]
dev = ["pytest", "pytest-cov"]

[package.source]
type = "git"
url = "https://github.com/zazuko/graphly.git"
reference = "main"
resolved_reference = "5ff765e51fc9a4292cfb3337545fe9c73cba2909"

[[package]]
name = "idna"
version = "3.3"
description = "Internationalized Domain Names in Applications (IDNA)"
category = "main"
optional = false
python-versions = ">=3.5"

[[package]]
name = "isodate"
version = "0.6.1"
description = "An ISO 8601 date/time/duration parser and formatter"
category = "main"
optional = false
python-versions = "*"

[package.dependencies]
six = "*"

[[package]]
name = "kiwisolver"
version = "1.4.4"
description = "A fast implementation of the Cassowary constraint solver"
category = "main"
optional = false
python-versions = ">=3.7"

[[package]]
name = "matplotlib"
version = "3.5.3"
description = "Python plotting package"
category = "main"
optional = false
python-versions = ">=3.7"

[package.dependencies]
cycler = ">=0.10"
fonttools = ">=4.22.0"
kiwisolver = ">=1.0.1"
numpy = ">=1.17"
packaging = ">=20.0"
pillow = ">=6.2.0"
pyparsing = ">=2.2.1"
python-dateutil = ">=2.7"
setuptools_scm = ">=4,<7"

[[package]]
name = "munch"
version = "2.5.0"
description = "A dot-accessible dictionary (a la JavaScript objects)"
category = "main"
optional = false
python-versions = "*"

[package.dependencies]
six = "*"

[package.extras]
testing = ["pytest", "coverage", "astroid (>=1.5.3,<1.6.0)", "pylint (>=1.7.2,<1.8.0)", "astroid (>=2.0)", "pylint (>=2.3.1,<2.4.0)"]
yaml = ["PyYAML (>=5.1.0)"]

[[package]]
name = "networkx"
version = "2.8.6"
description = "Python package for creating and manipulating graphs and networks"
category = "main"
optional = false
python-versions = ">=3.8"

[package.extras]
default = ["numpy (>=1.19)", "scipy (>=1.8)", "matplotlib (>=3.4)", "pandas (>=1.3)"]
developer = ["pre-commit (>=2.20)", "mypy (>=0.961)"]
doc = ["sphinx (>=5)", "pydata-sphinx-theme (>=0.9)", "sphinx-gallery (>=0.10)", "numpydoc (>=1.4)", "pillow (>=9.1)", "nb2plots (>=0.6)", "texext (>=0.6.6)"]
extra = ["lxml (>=4.6)", "pygraphviz (>=1.9)", "pydot (>=1.4.2)", "sympy (>=1.10)"]
test = ["pytest (>=7.1)", "pytest-cov (>=3.0)", "codecov (>=2.1)"]

[[package]]
name = "numpy"
version = "1.23.2"
description = "NumPy is the fundamental package for array computing with Python."
category = "main"
optional = false
python-versions = ">=3.8"

[[package]]
name = "packaging"
version = "21.3"
description = "Core utilities for Python packages"
category = "main"
optional = false
python-versions = ">=3.6"

[package.dependencies]
pyparsing = ">=2.0.2,<3.0.5 || >3.0.5"

[[package]]
name = "pandas"
version = "1.4.3"
description = "Powerful data structures for data analysis, time series, and statistics"
category = "main"
optional = false
python-versions = ">=3.8"

[package.dependencies]
numpy = [
    {version = ">=1.18.5", markers = "platform_machine != \"aarch64\" and platform_machine != \"arm64\" and python_version < \"3.10\""},
    {version = ">=1.19.2", markers = "platform_machine == \"aarch64\" and python_version < \"3.10\""},
    {version = ">=1.20.0", markers = "platform_machine == \"arm64\" and python_version < \"3.10\""},
    {version = ">=1.21.0", markers = "python_version >= \"3.10\""},
]
python-dateutil = ">=2.8.1"
pytz = ">=2020.1"

[package.extras]
test = ["hypothesis (>=5.5.3)", "pytest (>=6.0)", "pytest-xdist (>=1.31)"]

[[package]]
name = "pillow"
version = "9.2.0"
description = "Python Imaging Library (Fork)"
category = "main"
optional = false
python-versions = ">=3.7"

[package.extras]
docs = ["furo", "olefile", "sphinx (>=2.4)", "sphinx-copybutton", "sphinx-issues (>=3.0.1)", "sphinx-removed-in", "sphinxext-opengraph"]
tests = ["check-manifest", "coverage", "defusedxml", "markdown2", "olefile", "packaging", "pyroma", "pytest", "pytest-cov", "pytest-timeout"]

[[package]]
name = "pyparsing"
version = "3.0.9"
description = "pyparsing module - Classes and methods to define and execute parsing grammars"
category = "main"
optional = false
python-versions = ">=3.6.8"

[package.extras]
diagrams = ["railroad-diagrams", "jinja2"]

[[package]]
name = "pyproj"
version = "3.3.1"
description = "Python interface to PROJ (cartographic projections and coordinate transformations library)"
category = "main"
optional = false
python-versions = ">=3.8"

[package.dependencies]
certifi = "*"

[[package]]
name = "python-dateutil"
version = "2.8.2"
description = "Extensions to the standard Python datetime module"
category = "main"
optional = false
python-versions = "!=3.0.*,!=3.1.*,!=3.2.*,>=2.7"

[package.dependencies]
six = ">=1.5"

[[package]]
name = "pytz"
version = "2022.2.1"
description = "World timezone definitions, modern and historical"
category = "main"
optional = false
python-versions = "*"

[[package]]
name = "rdflib"
version = "6.2.0"
description = "RDFLib is a Python library for working with RDF, a simple yet powerful language for representing information."
category = "main"
optional = false
python-versions = ">=3.7"

[package.dependencies]
isodate = "*"
pyparsing = "*"

[package.extras]
berkeleydb = ["berkeleydb"]
dev = ["black (==22.6.0)", "flake8", "isort", "mypy", "pep8-naming", "types-setuptools", "flakeheaven"]
docs = ["myst-parser", "sphinx (<6)", "sphinxcontrib-apidoc", "sphinxcontrib-kroki", "sphinx-autodoc-typehints"]
html = ["html5lib"]
networkx = ["networkx"]
tests = ["html5lib", "pytest", "pytest-cov"]

[[package]]
name = "requests"
version = "2.28.1"
description = "Python HTTP for Humans."
category = "main"
optional = false
python-versions = ">=3.7, <4"

[package.dependencies]
certifi = ">=2017.4.17"
charset-normalizer = ">=2,<3"
idna = ">=2.5,<4"
urllib3 = ">=1.21.1,<1.27"

[package.extras]
socks = ["PySocks (>=1.5.6,!=1.5.7)"]
use_chardet_on_py3 = ["chardet (>=3.0.2,<6)"]

[[package]]
name = "setuptools-scm"
version = "6.4.2"
description = "the blessed package to manage your versions by scm tags"
category = "main"
optional = false
python-versions = ">=3.6"

[package.dependencies]
packaging = ">=20.0"
tomli = ">=1.0.0"

[package.extras]
test = ["pytest (>=6.2)", "virtualenv (>20)"]
toml = ["setuptools (>=42)"]

[[package]]
name = "shapely"
version = "1.8.4"
description = "Geometric objects, predicates, and operations"
category = "main"
optional = false
python-versions = ">=3.6"

[package.extras]
all = ["pytest", "pytest-cov", "numpy"]
test = ["pytest", "pytest-cov"]
vectorized = ["numpy"]

[[package]]
name = "six"
version = "1.16.0"
description = "Python 2 and 3 compatibility utilities"
category = "main"
optional = false
python-versions = ">=2.7, !=3.0.*, !=3.1.*, !=3.2.*"

[[package]]
name = "tomli"
version = "2.0.1"
description = "A lil' TOML parser"
category = "main"
optional = false
python-versions = ">=3.7"

[[package]]
name = "urllib3"
version = "1.26.12"
description = "HTTP library with thread-safe connection pooling, file post, and more."
category = "main"
optional = false
python-versions = ">=2.7, !=3.0.*, !=3.1.*, !=3.2.*, !=3.3.*, !=3.4.*, !=3.5.*, <4"

[package.extras]
brotli = ["brotlicffi (>=0.8.0)", "brotli (>=1.0.9)", "brotlipy (>=0.6.0)"]
secure = ["pyOpenSSL (>=0.14)", "cryptography (>=1.3.4)", "idna (>=2.0.0)", "certifi", "urllib3-secure-extra", "ipaddress"]
socks = ["PySocks (>=1.5.6,!=1.5.7,<2.0)"]

[metadata]
lock-version = "1.1"
python-versions = "^3.9"
content-hash = "6aa3930bcb0fb31ba26e6807f71159164129e5906e9b5bedf413a6481360035b"

[metadata.files]
attrs = []
certifi = []
charset-normalizer = []
click = [
    {file = "click-8.1.3-py3-none-any.whl", hash = "sha256:bb4d8133cb15a609f44e8213d9b391b0809795062913b383c62be0ee95b1db48"},
    {file = "click-8.1.3.tar.gz", hash = "sha256:7682dc8afb30297001674575ea00d1814d808d6a36af415a82bd481d37ba7b8e"},
]
click-plugins = [
    {file = "click-plugins-1.1.1.tar.gz", hash = "sha256:46ab999744a9d831159c3411bb0c79346d94a444df9a3a3742e9ed63645f264b"},
    {file = "click_plugins-1.1.1-py2.py3-none-any.whl", hash = "sha256:5d262006d3222f5057fd81e1623d4443e41dcda5dc815c06b442aa3c02889fc8"},
]
cligj = [
    {file = "cligj-0.7.2-py3-none-any.whl", hash = "sha256:c1ca117dbce1fe20a5809dc96f01e1c2840f6dcc939b3ddbb1111bf330ba82df"},
    {file = "cligj-0.7.2.tar.gz", hash = "sha256:a4bc13d623356b373c2c27c53dbd9c68cae5d526270bfa71f6c6fa69669c6b27"},
]
colorama = [
    {file = "colorama-0.4.5-py2.py3-none-any.whl", hash = "sha256:854bf444933e37f5824ae7bfc1e98d5bce2ebe4160d46b5edf346a89358e99da"},
    {file = "colorama-0.4.5.tar.gz", hash = "sha256:e6c6b4334fc50988a639d9b98aa429a0b57da6e17b9a44f0451f930b6967b7a4"},
]
cycler = [
    {file = "cycler-0.11.0-py3-none-any.whl", hash = "sha256:3a27e95f763a428a739d2add979fa7494c912a32c17c4c38c4d5f082cad165a3"},
    {file = "cycler-0.11.0.tar.gz", hash = "sha256:9c87405839a19696e837b3b818fed3f5f69f16f1eec1a1ad77e043dcea9c772f"},
]
fiona = [
    {file = "Fiona-1.8.21-cp310-cp310-macosx_10_10_x86_64.whl", hash = "sha256:39c656421e25b4d0d73d0b6acdcbf9848e71f3d9b74f44c27d2d516d463409ae"},
    {file = "Fiona-1.8.21-cp310-cp310-manylinux_2_17_x86_64.manylinux2014_x86_64.whl", hash = "sha256:43b1d2e45506e56cf3a9f59ba5d6f7981f3f75f4725d1e6cb9a33ba856371ebd"},
    {file = "Fiona-1.8.21-cp36-cp36m-macosx_10_10_x86_64.whl", hash = "sha256:315e186cb880a8128e110312eb92f5956bbc54d7152af999d3483b463758d6f9"},
    {file = "Fiona-1.8.21-cp36-cp36m-manylinux_2_17_x86_64.manylinux2014_x86_64.whl", hash = "sha256:9fb2407623c4f44732a33b3f056f8c58c54152b51f0324bf8f10945e711eb549"},
    {file = "Fiona-1.8.21-cp37-cp37m-macosx_10_10_x86_64.whl", hash = "sha256:b69054ed810eb7339d7effa88589afca48003206d7627d0b0b149715fc3fde41"},
    {file = "Fiona-1.8.21-cp37-cp37m-manylinux2014_x86_64.whl", hash = "sha256:11532ccfda1073d3f5f558e4bb78d45b268e8680fd6e14993a394c564ddbd069"},
    {file = "Fiona-1.8.21-cp38-cp38-macosx_10_10_x86_64.whl", hash = "sha256:3789523c811809a6e2e170cf9c437631f959f4c7a868f024081612d30afab468"},
    {file = "Fiona-1.8.21-cp38-cp38-manylinux_2_17_x86_64.manylinux2014_x86_64.whl", hash = "sha256:085f18d943097ac3396f3f9664ac1ae04ad0ff272f54829f03442187f01b6116"},
    {file = "Fiona-1.8.21-cp39-cp39-macosx_10_10_x86_64.whl", hash = "sha256:388acc9fa07ba7858d508dfe826d4b04d813818bced16c4049de19cc7ca322ef"},
    {file = "Fiona-1.8.21-cp39-cp39-manylinux_2_17_x86_64.manylinux2014_x86_64.whl", hash = "sha256:40b4eaf5b88407421d6c9e707520abd2ff16d7cd43efb59cd398aa41d2de332c"},
    {file = "Fiona-1.8.21.tar.gz", hash = "sha256:3a0edca2a7a070db405d71187214a43d2333a57b4097544a3fcc282066a58bfc"},
]
fonttools = []
geopandas = []
graphly = []
idna = [
    {file = "idna-3.3-py3-none-any.whl", hash = "sha256:84d9dd047ffa80596e0f246e2eab0b391788b0503584e8945f2368256d2735ff"},
    {file = "idna-3.3.tar.gz", hash = "sha256:9d643ff0a55b762d5cdb124b8eaa99c66322e2157b69160bc32796e824360e6d"},
]
isodate = [
    {file = "isodate-0.6.1-py2.py3-none-any.whl", hash = "sha256:0751eece944162659049d35f4f549ed815792b38793f07cf73381c1c87cbed96"},
    {file = "isodate-0.6.1.tar.gz", hash = "sha256:48c5881de7e8b0a0d648cb024c8062dc84e7b840ed81e864c7614fd3c127bde9"},
]
kiwisolver = []
matplotlib = []
munch = [
    {file = "munch-2.5.0-py2.py3-none-any.whl", hash = "sha256:6f44af89a2ce4ed04ff8de41f70b226b984db10a91dcc7b9ac2efc1c77022fdd"},
    {file = "munch-2.5.0.tar.gz", hash = "sha256:2d735f6f24d4dba3417fa448cae40c6e896ec1fdab6cdb5e6510999758a4dbd2"},
]
networkx = []
numpy = []
packaging = [
    {file = "packaging-21.3-py3-none-any.whl", hash = "sha256:ef103e05f519cdc783ae24ea4e2e0f508a9c99b2d4969652eed6a2e1ea5bd522"},
    {file = "packaging-21.3.tar.gz", hash = "sha256:dd47c42927d89ab911e606518907cc2d3a1f38bbd026385970643f9c5b8ecfeb"},
]
pandas = [
    {file = "pandas-1.4.3-cp310-cp310-macosx_10_9_universal2.whl", hash = "sha256:d51674ed8e2551ef7773820ef5dab9322be0828629f2cbf8d1fc31a0c4fed640"},
    {file = "pandas-1.4.3-cp310-cp310-macosx_10_9_x86_64.whl", hash = "sha256:16ad23db55efcc93fa878f7837267973b61ea85d244fc5ff0ccbcfa5638706c5"},
    {file = "pandas-1.4.3-cp310-cp310-macosx_11_0_arm64.whl", hash = "sha256:958a0588149190c22cdebbc0797e01972950c927a11a900fe6c2296f207b1d6f"},
    {file = "pandas-1.4.3-cp310-cp310-manylinux_2_17_aarch64.manylinux2014_aarch64.whl", hash = "sha256:e48fbb64165cda451c06a0f9e4c7a16b534fcabd32546d531b3c240ce2844112"},
    {file = "pandas-1.4.3-cp310-cp310-manylinux_2_17_x86_64.manylinux2014_x86_64.whl", hash = "sha256:6f803320c9da732cc79210d7e8cc5c8019aad512589c910c66529eb1b1818230"},
    {file = "pandas-1.4.3-cp310-cp310-win_amd64.whl", hash = "sha256:2893e923472a5e090c2d5e8db83e8f907364ec048572084c7d10ef93546be6d1"},
    {file = "pandas-1.4.3-cp38-cp38-macosx_10_9_universal2.whl", hash = "sha256:24ea75f47bbd5574675dae21d51779a4948715416413b30614c1e8b480909f81"},
    {file = "pandas-1.4.3-cp38-cp38-macosx_10_9_x86_64.whl", hash = "sha256:d5ebc990bd34f4ac3c73a2724c2dcc9ee7bf1ce6cf08e87bb25c6ad33507e318"},
    {file = "pandas-1.4.3-cp38-cp38-macosx_11_0_arm64.whl", hash = "sha256:d6c0106415ff1a10c326c49bc5dd9ea8b9897a6ca0c8688eb9c30ddec49535ef"},
    {file = "pandas-1.4.3-cp38-cp38-manylinux_2_17_aarch64.manylinux2014_aarch64.whl", hash = "sha256:78b00429161ccb0da252229bcda8010b445c4bf924e721265bec5a6e96a92e92"},
    {file = "pandas-1.4.3-cp38-cp38-manylinux_2_17_x86_64.manylinux2014_x86_64.whl", hash = "sha256:6dfbf16b1ea4f4d0ee11084d9c026340514d1d30270eaa82a9f1297b6c8ecbf0"},
    {file = "pandas-1.4.3-cp38-cp38-win32.whl", hash = "sha256:48350592665ea3cbcd07efc8c12ff12d89be09cd47231c7925e3b8afada9d50d"},
    {file = "pandas-1.4.3-cp38-cp38-win_amd64.whl", hash = "sha256:605d572126eb4ab2eadf5c59d5d69f0608df2bf7bcad5c5880a47a20a0699e3e"},
    {file = "pandas-1.4.3-cp39-cp39-macosx_10_9_universal2.whl", hash = "sha256:a3924692160e3d847e18702bb048dc38e0e13411d2b503fecb1adf0fcf950ba4"},
    {file = "pandas-1.4.3-cp39-cp39-macosx_10_9_x86_64.whl", hash = "sha256:07238a58d7cbc8a004855ade7b75bbd22c0db4b0ffccc721556bab8a095515f6"},
    {file = "pandas-1.4.3-cp39-cp39-macosx_11_0_arm64.whl", hash = "sha256:755679c49460bd0d2f837ab99f0a26948e68fa0718b7e42afbabd074d945bf84"},
    {file = "pandas-1.4.3-cp39-cp39-manylinux_2_17_aarch64.manylinux2014_aarch64.whl", hash = "sha256:41fc406e374590a3d492325b889a2686b31e7a7780bec83db2512988550dadbf"},
    {file = "pandas-1.4.3-cp39-cp39-manylinux_2_17_x86_64.manylinux2014_x86_64.whl", hash = "sha256:1d9382f72a4f0e93909feece6fef5500e838ce1c355a581b3d8f259839f2ea76"},
    {file = "pandas-1.4.3-cp39-cp39-win32.whl", hash = "sha256:0daf876dba6c622154b2e6741f29e87161f844e64f84801554f879d27ba63c0d"},
    {file = "pandas-1.4.3-cp39-cp39-win_amd64.whl", hash = "sha256:721a3dd2f06ef942f83a819c0f3f6a648b2830b191a72bbe9451bcd49c3bd42e"},
    {file = "pandas-1.4.3.tar.gz", hash = "sha256:2ff7788468e75917574f080cd4681b27e1a7bf36461fe968b49a87b5a54d007c"},
]
pillow = []
pyparsing = [
    {file = "pyparsing-3.0.9-py3-none-any.whl", hash = "sha256:5026bae9a10eeaefb61dab2f09052b9f4307d44aee4eda64b309723d8d206bbc"},
    {file = "pyparsing-3.0.9.tar.gz", hash = "sha256:2b020ecf7d21b687f219b71ecad3631f644a47f01403fa1d1036b0c6416d70fb"},
]
pyproj = [
    {file = "pyproj-3.3.1-cp310-cp310-macosx_10_9_x86_64.whl", hash = "sha256:473961faef7a9fd723c5d432f65220ea6ab3854e606bf84b4d409a75a4261c78"},
    {file = "pyproj-3.3.1-cp310-cp310-manylinux_2_17_aarch64.manylinux2014_aarch64.whl", hash = "sha256:2fef9c1e339f25c57f6ae0558b5ab1bbdf7994529a30d8d7504fc6302ea51c03"},
    {file = "pyproj-3.3.1-cp310-cp310-manylinux_2_17_i686.manylinux2014_i686.whl", hash = "sha256:140fa649fedd04f680a39f8ad339799a55cb1c49f6a84e1b32b97e49646647aa"},
    {file = "pyproj-3.3.1-cp310-cp310-manylinux_2_17_x86_64.manylinux2014_x86_64.whl", hash = "sha256:b59c08aea13ee428cf8a919212d55c036cc94784805ed77c8f31a4d1f541058c"},
    {file = "pyproj-3.3.1-cp310-cp310-win32.whl", hash = "sha256:1adc9ccd1bf04998493b6a2e87e60656c75ab790653b36cfe351e9ef214828ed"},
    {file = "pyproj-3.3.1-cp310-cp310-win_amd64.whl", hash = "sha256:42eea10afc750fccd1c5c4ba56de29ab791ab4d83c1f7db72705566282ac5396"},
    {file = "pyproj-3.3.1-cp38-cp38-macosx_10_9_x86_64.whl", hash = "sha256:531ea36519fa7b581466d4b6ab32f66ae4dadd9499d726352f71ee5e19c3d1c5"},
    {file = "pyproj-3.3.1-cp38-cp38-manylinux_2_17_aarch64.manylinux2014_aarch64.whl", hash = "sha256:67025e37598a6bbed2c9c6c9e4c911f6dd39315d3e1148ead935a5c4d64309d5"},
    {file = "pyproj-3.3.1-cp38-cp38-manylinux_2_17_i686.manylinux2014_i686.whl", hash = "sha256:aed1a3c0cd4182425f91b48d5db39f459bc2fe0d88017ead6425a1bc85faee33"},
    {file = "pyproj-3.3.1-cp38-cp38-manylinux_2_17_x86_64.manylinux2014_x86_64.whl", hash = "sha256:3cc4771403db54494e1e55bca8e6d33cde322f8cf0ed39f1557ff109c66d2cd1"},
    {file = "pyproj-3.3.1-cp38-cp38-win32.whl", hash = "sha256:c99f7b5757a28040a2dd4a28c9805fdf13eef79a796f4a566ab5cb362d10630d"},
    {file = "pyproj-3.3.1-cp38-cp38-win_amd64.whl", hash = "sha256:5dac03d4338a4c8bd0f69144c527474f517b4cbd7d2d8c532cd8937799723248"},
    {file = "pyproj-3.3.1-cp39-cp39-macosx_10_9_x86_64.whl", hash = "sha256:56b0f9ee2c5b2520b18db30a393a7b86130cf527ddbb8c96e7f3c837474a9d79"},
    {file = "pyproj-3.3.1-cp39-cp39-manylinux_2_17_aarch64.manylinux2014_aarch64.whl", hash = "sha256:5f92d8f6514516124abb714dce912b20867831162cfff9fae2678ef07b6fcf0f"},
    {file = "pyproj-3.3.1-cp39-cp39-manylinux_2_17_i686.manylinux2014_i686.whl", hash = "sha256:1ef1bfbe2dcc558c7a98e2f1836abdcd630390f3160724a6f4f5c818b2be0ad5"},
    {file = "pyproj-3.3.1-cp39-cp39-manylinux_2_17_x86_64.manylinux2014_x86_64.whl", hash = "sha256:5ca5f32b56210429b367ca4f9a57ffe67975c487af82e179a24370879a3daf68"},
    {file = "pyproj-3.3.1-cp39-cp39-win32.whl", hash = "sha256:aba199704c824fb84ab64927e7bc9ef71e603e483130ec0f7e09e97259b8f61f"},
    {file = "pyproj-3.3.1-cp39-cp39-win_amd64.whl", hash = "sha256:120d45ed73144c65e9677dc73ba8a531c495d179dd9f9f0471ac5acc02d7ac4b"},
    {file = "pyproj-3.3.1-pp38-pypy38_pp73-macosx_10_9_x86_64.whl", hash = "sha256:52efb681647dfac185cc655a709bc0caaf910031a0390f816f5fc8ce150cbedc"},
    {file = "pyproj-3.3.1-pp38-pypy38_pp73-manylinux_2_17_i686.manylinux2014_i686.whl", hash = "sha256:5ab0d6e38fda7c13726afacaf62e9f9dd858089d67910471758afd9cb24e0ecd"},
    {file = "pyproj-3.3.1-pp38-pypy38_pp73-manylinux_2_17_x86_64.manylinux2014_x86_64.whl", hash = "sha256:45487942c19c5a8b09c91964ea3201f4e094518e34743cae373889a36e3d9260"},
    {file = "pyproj-3.3.1-pp38-pypy38_pp73-win_amd64.whl", hash = "sha256:797ad5655d484feac14b0fbb4a4efeaac0cf780a223046e2465494c767fd1c3b"},
    {file = "pyproj-3.3.1.tar.gz", hash = "sha256:b3d8e14d91cc95fb3dbc03a9d0588ac58326803eefa5bbb0978d109de3304fbe"},
]
python-dateutil = [
    {file = "python-dateutil-2.8.2.tar.gz", hash = "sha256:0123cacc1627ae19ddf3c27a5de5bd67ee4586fbdd6440d9748f8abb483d3e86"},
    {file = "python_dateutil-2.8.2-py2.py3-none-any.whl", hash = "sha256:961d03dc3453ebbc59dbdea9e4e11c5651520a876d0f4db161e8674aae935da9"},
]
pytz = []
rdflib = []
requests = []
setuptools-scm = [
    {file = "setuptools_scm-6.4.2-py3-none-any.whl", hash = "sha256:acea13255093849de7ccb11af9e1fb8bde7067783450cee9ef7a93139bddf6d4"},
    {file = "setuptools_scm-6.4.2.tar.gz", hash = "sha256:6833ac65c6ed9711a4d5d2266f8024cfa07c533a0e55f4c12f6eff280a5a9e30"},
]
shapely = []
six = [
    {file = "six-1.16.0-py2.py3-none-any.whl", hash = "sha256:8abb2f1d86890a2dfb989f9a77cfcfd3e47c2a354b01111771326f8aa26e0254"},
    {file = "six-1.16.0.tar.gz", hash = "sha256:1e61c37477a1626458e36f7b1d82aa5c9b094fa4802892072e49de9c60c4c926"},
]
tomli = [
    {file = "tomli-2.0.1-py3-none-any.whl", hash = "sha256:939de3e7a6161af0c887ef91b7d41a53e7c5a1ca976325f429cb46ea9bc30ecc"},
    {file = "tomli-2.0.1.tar.gz", hash = "sha256:de526c12914f0c550d15924c62d72abc48d6fe7364aa87328337a31007fe8a4f"},
]
urllib3 = []
